
Microsoft Visual Studio Solution File, Format Version 12.00
# Visual Studio Version 16
VisualStudioVersion = 16.0.30804.86
MinimumVisualStudioVersion = 10.0.40219.1
Project("{FAE04EC0-301F-11D3-BF4B-00C04F79EFBC}") = "Digitaluhr-FirstTry", "Digitaluhr\Digitaluhr-FirstTry.csproj", "{8BBC43B5-6178-4162-ACB2-76AA564825B5}"
EndProject
Project("{FAE04EC0-301F-11D3-BF4B-00C04F79EFBC}") = "NumberToLcd", "NumberToLcd\NumberToLcd.csproj", "{28C10BC0-4C56-45F4-8F93-57397880CB14}"
EndProject
Project("{FAE04EC0-301F-11D3-BF4B-00C04F79EFBC}") = "UnitTests", "UnitTests\UnitTests.csproj", "{60C323C6-ADA3-4E1D-AC5B-625E92B492F2}"
EndProject
Project("{2150E333-8FDC-42A3-9474-1A3956D46DE8}") = "Documentation", "Documentation", "{0A84235F-BAAC-4B0C-9C98-A1FAC28BEBB0}"
	ProjectSection(SolutionItems) = preProject
		Digitaluhr-Aufgabe.docx = Digitaluhr-Aufgabe.docx
	EndProjectSection
EndProject
Project("{FAE04EC0-301F-11D3-BF4B-00C04F79EFBC}") = "MyControls", "MyControls\MyControls.csproj", "{B798B8E6-26FF-466F-AD53-F5DDF0602CB7}"
EndProject
Project("{FAE04EC0-301F-11D3-BF4B-00C04F79EFBC}") = "Digitaluhr-UserControl", "Digitaluhr-UserControl\Digitaluhr-UserControl.csproj", "{2580255E-4B31-4F21-BC6D-FBD7A40581F2}"
EndProject
Project("{FAE04EC0-301F-11D3-BF4B-00C04F79EFBC}") = "Digitaluhr-Complete", "Digitaluhr-Complete\Digitaluhr-Complete.csproj", "{04B8E5A6-400C-4E98-AD45-3A4440F4CDFE}"
EndProject
Project("{2150E333-8FDC-42A3-9474-1A3956D46DE8}") = "1 UI", "1 UI", "{6D72EBF0-1CEB-4FCC-9F13-D3E911BA83B3}"
EndProject
Project("{2150E333-8FDC-42A3-9474-1A3956D46DE8}") = "Teilaufgabe 1", "Teilaufgabe 1", "{4CC12AB3-375A-4DE2-922D-E55D5AEBBB20}"
EndProject
Project("{2150E333-8FDC-42A3-9474-1A3956D46DE8}") = "Teilaufgabe 2", "Teilaufgabe 2", "{F93C6D0B-6586-4FDB-94B1-77B8F9A84834}"
EndProject
Project("{2150E333-8FDC-42A3-9474-1A3956D46DE8}") = "Teilaufgabe 3", "Teilaufgabe 3", "{A58CFBD8-B9F0-44D8-A4B9-C39266795313}"
EndProject
Project("{2150E333-8FDC-42A3-9474-1A3956D46DE8}") = "2 Libs", "2 Libs", "{4B84C879-9FEA-4280-9747-946FF67A3017}"
EndProject
Project("{2150E333-8FDC-42A3-9474-1A3956D46DE8}") = "3 Tests", "3 Tests", "{2AD3E2C7-6DB9-4316-AB98-2E36993F8E68}"
EndProject
Global
	GlobalSection(SolutionConfigurationPlatforms) = preSolution
		Debug|Any CPU = Debug|Any CPU
		Release|Any CPU = Release|Any CPU
	EndGlobalSection
	GlobalSection(ProjectConfigurationPlatforms) = postSolution
		{8BBC43B5-6178-4162-ACB2-76AA564825B5}.Debug|Any CPU.ActiveCfg = Debug|Any CPU
		{8BBC43B5-6178-4162-ACB2-76AA564825B5}.Debug|Any CPU.Build.0 = Debug|Any CPU
		{8BBC43B5-6178-4162-ACB2-76AA564825B5}.Release|Any CPU.ActiveCfg = Release|Any CPU
		{8BBC43B5-6178-4162-ACB2-76AA564825B5}.Release|Any CPU.Build.0 = Release|Any CPU
		{28C10BC0-4C56-45F4-8F93-57397880CB14}.Debug|Any CPU.ActiveCfg = Debug|Any CPU
		{28C10BC0-4C56-45F4-8F93-57397880CB14}.Debug|Any CPU.Build.0 = Debug|Any CPU
		{28C10BC0-4C56-45F4-8F93-57397880CB14}.Release|Any CPU.ActiveCfg = Release|Any CPU
		{28C10BC0-4C56-45F4-8F93-57397880CB14}.Release|Any CPU.Build.0 = Release|Any CPU
		{60C323C6-ADA3-4E1D-AC5B-625E92B492F2}.Debug|Any CPU.ActiveCfg = Debug|Any CPU
		{60C323C6-ADA3-4E1D-AC5B-625E92B492F2}.Debug|Any CPU.Build.0 = Debug|Any CPU
		{60C323C6-ADA3-4E1D-AC5B-625E92B492F2}.Release|Any CPU.ActiveCfg = Release|Any CPU
		{60C323C6-ADA3-4E1D-AC5B-625E92B492F2}.Release|Any CPU.Build.0 = Release|Any CPU
		{B798B8E6-26FF-466F-AD53-F5DDF0602CB7}.Debug|Any CPU.ActiveCfg = Debug|Any CPU
		{B798B8E6-26FF-466F-AD53-F5DDF0602CB7}.Debug|Any CPU.Build.0 = Debug|Any CPU
		{B798B8E6-26FF-466F-AD53-F5DDF0602CB7}.Release|Any CPU.ActiveCfg = Release|Any CPU
		{B798B8E6-26FF-466F-AD53-F5DDF0602CB7}.Release|Any CPU.Build.0 = Release|Any CPU
		{2580255E-4B31-4F21-BC6D-FBD7A40581F2}.Debug|Any CPU.ActiveCfg = Debug|Any CPU
		{2580255E-4B31-4F21-BC6D-FBD7A40581F2}.Debug|Any CPU.Build.0 = Debug|Any CPU
		{2580255E-4B31-4F21-BC6D-FBD7A40581F2}.Release|Any CPU.ActiveCfg = Release|Any CPU
		{2580255E-4B31-4F21-BC6D-FBD7A40581F2}.Release|Any CPU.Build.0 = Release|Any CPU
		{04B8E5A6-400C-4E98-AD45-3A4440F4CDFE}.Debug|Any CPU.ActiveCfg = Debug|Any CPU
		{04B8E5A6-400C-4E98-AD45-3A4440F4CDFE}.Debug|Any CPU.Build.0 = Debug|Any CPU
		{04B8E5A6-400C-4E98-AD45-3A4440F4CDFE}.Release|Any CPU.ActiveCfg = Release|Any CPU
		{04B8E5A6-400C-4E98-AD45-3A4440F4CDFE}.Release|Any CPU.Build.0 = Release|Any CPU
	EndGlobalSection
	GlobalSection(SolutionProperties) = preSolution
		HideSolutionNode = FALSE
	EndGlobalSection
	GlobalSection(NestedProjects) = preSolution
		{8BBC43B5-6178-4162-ACB2-76AA564825B5} = {4CC12AB3-375A-4DE2-922D-E55D5AEBBB20}
		{28C10BC0-4C56-45F4-8F93-57397880CB14} = {4B84C879-9FEA-4280-9747-946FF67A3017}
		{60C323C6-ADA3-4E1D-AC5B-625E92B492F2} = {2AD3E2C7-6DB9-4316-AB98-2E36993F8E68}
		{B798B8E6-26FF-466F-AD53-F5DDF0602CB7} = {4B84C879-9FEA-4280-9747-946FF67A3017}
		{2580255E-4B31-4F21-BC6D-FBD7A40581F2} = {F93C6D0B-6586-4FDB-94B1-77B8F9A84834}
		{04B8E5A6-400C-4E98-AD45-3A4440F4CDFE} = {A58CFBD8-B9F0-44D8-A4B9-C39266795313}
		{4CC12AB3-375A-4DE2-922D-E55D5AEBBB20} = {6D72EBF0-1CEB-4FCC-9F13-D3E911BA83B3}
		{F93C6D0B-6586-4FDB-94B1-77B8F9A84834} = {6D72EBF0-1CEB-4FCC-9F13-D3E911BA83B3}
		{A58CFBD8-B9F0-44D8-A4B9-C39266795313} = {6D72EBF0-1CEB-4FCC-9F13-D3E911BA83B3}
	EndGlobalSection
	GlobalSection(ExtensibilityGlobals) = postSolution
		SolutionGuid = {D68918AA-27E8-4876-9EDE-9B18A720F059}
	EndGlobalSection
	GlobalSection(TeamFoundationVersionControl) = preSolution
		SccNumberOfProjects = 7
		SccEnterpriseProvider = {4CA58AB2-18FA-4F8D-95D4-32DDF27D184C}
		SccTeamFoundationServer = https://oliverabraham.visualstudio.com/
		SccLocalPath0 = .
		SccProjectUniqueName1 = NumberToLcd\\NumberToLcd.csproj
		SccProjectTopLevelParentUniqueName1 = Digitaluhr.sln
		SccProjectName1 = NumberToLcd
		SccLocalPath1 = NumberToLcd
		SccProjectUniqueName2 = UnitTests\\UnitTests.csproj
		SccProjectTopLevelParentUniqueName2 = Digitaluhr.sln
		SccProjectName2 = UnitTests
		SccLocalPath2 = UnitTests
		SccProjectUniqueName3 = MyControls\\MyControls.csproj
		SccProjectTopLevelParentUniqueName3 = Digitaluhr.sln
		SccProjectName3 = MyControls
		SccLocalPath3 = MyControls
		SccProjectUniqueName4 = Digitaluhr\\Digitaluhr-FirstTry.csproj
		SccProjectTopLevelParentUniqueName4 = Digitaluhr.sln
		SccProjectName4 = Digitaluhr
		SccLocalPath4 = Digitaluhr
		SccProjectUniqueName5 = Digitaluhr-UserControl\\Digitaluhr-UserControl.csproj
		SccProjectTopLevelParentUniqueName5 = Digitaluhr.sln
		SccProjectName5 = Digitaluhr-UserControl
		SccLocalPath5 = Digitaluhr-UserControl
		SccProjectUniqueName6 = Digitaluhr-Complete\\Digitaluhr-Complete.csproj
		SccProjectTopLevelParentUniqueName6 = Digitaluhr.sln
		SccProjectName6 = Digitaluhr-Complete
		SccLocalPath6 = Digitaluhr-Complete
	EndGlobalSection
EndGlobal
