
Microsoft Visual Studio Solution File, Format Version 12.00
# Visual Studio Version 17
VisualStudioVersion = 17.1.31911.260
MinimumVisualStudioVersion = 10.0.40219.1
Project("{2150E333-8FDC-42A3-9474-1A3956D46DE8}") = "00 README", "00 README", "{A33B0CBE-9D88-457E-B40D-F6D8ABDDC6F0}"
	ProjectSection(SolutionItems) = preProject
		README.md = README.md
	EndProjectSection
EndProject
Project("{2150E333-8FDC-42A3-9474-1A3956D46DE8}") = "32 Calculator with unittests", "32 Calculator with unittests", "{55B7355E-1E96-4052-8E7E-29CDEEC0AD16}"
EndProject
Project("{2150E333-8FDC-42A3-9474-1A3956D46DE8}") = "12 Error handling concepts", "12 Error handling concepts", "{14E275FE-AA8C-4CEC-88D7-F445E5D36E9A}"
EndProject
Project("{9A19103F-16F7-4668-BE54-9A1E7A4F7556}") = "Error_Handling_Concepts", "Error_Handling_Concepts\Error_Handling_Concepts.csproj", "{E788781C-84DB-42D3-849A-D1D77107139E}"
EndProject
Project("{9A19103F-16F7-4668-BE54-9A1E7A4F7556}") = "Logging_simple", "Logging_simple\Logging_simple.csproj", "{39373F7C-897B-46EF-BB29-21391AA80A87}"
EndProject
Project("{9A19103F-16F7-4668-BE54-9A1E7A4F7556}") = "Logging_with_NLog", "Logging_with_NLog\Logging_with_NLog.csproj", "{67834F90-9BEE-4E90-88ED-80E099F9859B}"
EndProject
Project("{2150E333-8FDC-42A3-9474-1A3956D46DE8}") = "01 Logging", "01 Logging", "{00A4BBC5-B56B-495F-B159-06832563615E}"
EndProject
Project("{2150E333-8FDC-42A3-9474-1A3956D46DE8}") = "31 WeatherDisplay using HTML download", "31 WeatherDisplay using HTML download", "{F26E6439-A1C0-4CF6-A015-506238D75605}"
EndProject
Project("{2150E333-8FDC-42A3-9474-1A3956D46DE8}") = "A Simple solution (commandline)", "A Simple solution (commandline)", "{FA47C197-4CC2-4021-ADD2-F2D1F6C07948}"
EndProject
Project("{9A19103F-16F7-4668-BE54-9A1E7A4F7556}") = "WeatherDisplayCmdline", "WeatherDisplay\Variant1\WeatherDisplayCmdline.csproj", "{7979FD0F-5C1A-49DA-AADB-593721705CC0}"
EndProject
Project("{2150E333-8FDC-42A3-9474-1A3956D46DE8}") = "B WPF solution", "B WPF solution", "{A48BDA34-6091-4CC3-8482-56967341DCAF}"
EndProject
Project("{9A19103F-16F7-4668-BE54-9A1E7A4F7556}") = "Abraham.Http", "WeatherDisplay\Abraham.Http\Abraham.Http.csproj", "{0F46ED27-6AA5-4651-AE4A-E2D3306081EE}"
EndProject
Project("{9A19103F-16F7-4668-BE54-9A1E7A4F7556}") = "WPFSolution", "WeatherDisplay\WPFSolution\WPFSolution.csproj", "{CFF309FF-1C30-4909-A4E8-DD9A2485C4A9}"
EndProject
Project("{2150E333-8FDC-42A3-9474-1A3956D46DE8}") = "C Calling an external process", "C Calling an external process", "{6426BE3E-1186-47FE-AB88-100E741FEF8C}"
EndProject
Project("{9A19103F-16F7-4668-BE54-9A1E7A4F7556}") = "CallingAnExternalProcess", "WeatherDisplay\CallingAnExternalProcess\CallingAnExternalProcess.csproj", "{9912CA19-103F-4066-BB0B-2292A095A653}"
EndProject
Project("{2150E333-8FDC-42A3-9474-1A3956D46DE8}") = "D HTML processing with HtmlAgilityPack", "D HTML processing with HtmlAgilityPack", "{13F2E883-0AD1-4315-A618-2DB666047C72}"
EndProject
Project("{9A19103F-16F7-4668-BE54-9A1E7A4F7556}") = "HtmlProcessingWithHtmlAgilityPack", "WeatherDisplay\HtmlProcessingWithHtmlAgilityPack\HtmlProcessingWithHtmlAgilityPack.csproj", "{97CEC428-C403-4318-ABD4-8AB14DAD0BCD}"
EndProject
Project("{9A19103F-16F7-4668-BE54-9A1E7A4F7556}") = "Abraham.Weather", "WeatherDisplay\Abraham.Weather\Abraham.Weather.csproj", "{C1729892-9258-474B-84AB-31B7D07C373A}"
EndProject
Project("{2150E333-8FDC-42A3-9474-1A3956D46DE8}") = "E Unittests for D", "E Unittests for D", "{9723B1FC-EB30-47A1-A01E-9C2296139B35}"
EndProject
Project("{9A19103F-16F7-4668-BE54-9A1E7A4F7556}") = "AbrahamWeather_Tests", "WeatherDisplay\AbrahamWeather_Tests\AbrahamWeather_Tests.csproj", "{DE3370E2-81BE-417B-8109-AED265F84C72}"
EndProject
Project("{2150E333-8FDC-42A3-9474-1A3956D46DE8}") = "30 PasswordGenerator", "30 PasswordGenerator", "{36CE9E6E-9E9C-4CB2-B2D6-B57670FAC210}"
EndProject
Project("{9A19103F-16F7-4668-BE54-9A1E7A4F7556}") = "PasswordGenerator", "PasswordGenerator\PasswordGenerator\PasswordGenerator.csproj", "{56EB4B45-C3B5-4A9C-A857-035E70D82E33}"
EndProject
Project("{2150E333-8FDC-42A3-9474-1A3956D46DE8}") = "08 EmailClient_POP3_SMTP", "08 EmailClient_POP3_SMTP", "{FA972DE8-A6BB-4672-9907-25AFD16948B1}"
EndProject
Project("{9A19103F-16F7-4668-BE54-9A1E7A4F7556}") = "Pop3Client", "EmailClient_POP3_SMTP\Pop3Client\Pop3Client.csproj", "{4261923D-5BC0-43A8-9C07-C39C575B7800}"
EndProject
Project("{9A19103F-16F7-4668-BE54-9A1E7A4F7556}") = "SmtpClient", "EmailClient_POP3_SMTP\SmtpClient\SmtpClient.csproj", "{B641CA12-FB5A-4BEB-880A-80E70193B105}"
EndProject
Project("{2150E333-8FDC-42A3-9474-1A3956D46DE8}") = "09 Pushbullet client", "09 Pushbullet client", "{4838893E-E6F1-43E4-BF4E-15DCAD2278A2}"
EndProject
Project("{9A19103F-16F7-4668-BE54-9A1E7A4F7556}") = "PushbulletClient", "PushbulletClient\PushbulletClient\PushbulletClient.csproj", "{D47A9B2F-F5C8-4B74-95B0-4A5B84B7B0E3}"
EndProject
Project("{2150E333-8FDC-42A3-9474-1A3956D46DE8}") = "10 Percentage display", "10 Percentage display", "{9E85C794-E0D5-408F-A710-A6163EADD6F3}"
EndProject
Project("{9A19103F-16F7-4668-BE54-9A1E7A4F7556}") = "PercentageDisplay", "PercentageDisplay\PercentageDisplay\PercentageDisplay.csproj", "{13757099-7A2D-40FF-9DA3-03BEDD71EB4C}"
EndProject
Project("{2150E333-8FDC-42A3-9474-1A3956D46DE8}") = "02 Parsing XML", "02 Parsing XML", "{D762EA79-409D-44CD-9FED-50531658BFD5}"
EndProject
Project("{9A19103F-16F7-4668-BE54-9A1E7A4F7556}") = "Parsing_XML_with_XPathExpression", "Parsing XML\ParsingXML\Parsing_XML_with_XPathExpression.csproj", "{6915B8F2-2158-4FFE-A0E2-C0C609D8CE14}"
EndProject
Project("{9A19103F-16F7-4668-BE54-9A1E7A4F7556}") = "Parsing_XML_with_AngleSharp", "Parsing XML\ParsingXMLwithHTMLAgilityPack\Parsing_XML_with_AngleSharp.csproj", "{D30F45B1-4ED9-431A-B715-DE5D9E6EF221}"
EndProject
Project("{2150E333-8FDC-42A3-9474-1A3956D46DE8}") = "03 Parsing HTML", "03 Parsing HTML", "{144B626E-364A-4B4D-8418-346DB532312A}"
EndProject
Project("{9A19103F-16F7-4668-BE54-9A1E7A4F7556}") = "Parsing_HTML_with_AngleSharp", "Parsing HTML\Parsing_HTML_with_AngleSharp\Parsing_HTML_with_AngleSharp.csproj", "{65A287B1-89D8-4ED5-81B0-CF173A264FD6}"
EndProject
Project("{2150E333-8FDC-42A3-9474-1A3956D46DE8}") = "04 Parsing JSON", "04 Parsing JSON", "{04240057-F022-4ED6-9C2E-7EAA3FA80B85}"
EndProject
Project("{9A19103F-16F7-4668-BE54-9A1E7A4F7556}") = "ParsingJSON", "Parsing JSON\ParsingJSON\ParsingJSON.csproj", "{94CA8F79-1219-4D6B-B183-48F56E84B953}"
EndProject
Project("{2150E333-8FDC-42A3-9474-1A3956D46DE8}") = "05 Serializing to XML", "05 Serializing to XML", "{120001DE-0C73-4D09-A321-6FDAEB421CFB}"
EndProject
Project("{2150E333-8FDC-42A3-9474-1A3956D46DE8}") = "06 Serializing to JSON", "06 Serializing to JSON", "{7CF60739-12E6-45FA-9F82-4D8090B7F8D9}"
EndProject
Project("{9A19103F-16F7-4668-BE54-9A1E7A4F7556}") = "Serializing_to_XML", "Serializing to XML\Serializing_to_XML\Serializing_to_XML.csproj", "{B87692D8-379D-439F-8FAF-9DA8630D7C53}"
EndProject
Project("{9A19103F-16F7-4668-BE54-9A1E7A4F7556}") = "Serializing_to_JSON", "Serializing to JSON\Serializing_to_JSON\Serializing_to_JSON.csproj", "{1B25C856-0DB9-4E39-B8C3-E4C59EDDD3A7}"
EndProject
Project("{2150E333-8FDC-42A3-9474-1A3956D46DE8}") = "14 State machine", "14 State machine", "{B1063BB9-6770-4C8B-93AE-869151F6A141}"
EndProject
Project("{2150E333-8FDC-42A3-9474-1A3956D46DE8}") = "15 Strategy Pattern", "15 Strategy Pattern", "{F5EBA806-9BA8-46A4-83C9-ED102C4E2760}"
EndProject
Project("{2150E333-8FDC-42A3-9474-1A3956D46DE8}") = "16 Factory pattern", "16 Factory pattern", "{124C32D7-1695-47F9-B5E0-AA20C6242BDA}"
EndProject
Project("{2150E333-8FDC-42A3-9474-1A3956D46DE8}") = "17 Nullobject pattern", "17 Nullobject pattern", "{21096974-974F-4CF8-9952-1FC5D492F851}"
EndProject
Project("{2150E333-8FDC-42A3-9474-1A3956D46DE8}") = "07 REST Client", "07 REST Client", "{B8474518-A430-41B4-9EB4-DC4D0C66613A}"
EndProject
Project("{2150E333-8FDC-42A3-9474-1A3956D46DE8}") = "33 File Copy program", "33 File Copy program", "{63B04816-849D-4F08-AC70-96A750BB2E29}"
EndProject
Project("{9A19103F-16F7-4668-BE54-9A1E7A4F7556}") = "REST_client", "REST client\REST_client\REST_client.csproj", "{6F3CB938-17BB-4A03-930D-F8E4F765D1E9}"
EndProject
Project("{2150E333-8FDC-42A3-9474-1A3956D46DE8}") = "34 Dining philosophers problem", "34 Dining philosophers problem", "{BA318CF8-6F1C-4D83-86B2-C6B03E2ED74E}"
EndProject
Project("{FAE04EC0-301F-11D3-BF4B-00C04F79EFBC}") = "DiningPhilosophersProblem", "DiningPhilosophersProblem\DiningPhilosophersProblem\DiningPhilosophersProblem.csproj", "{9F5C8B34-81AE-40E1-B06A-73506F45737A}"
EndProject
Project("{2150E333-8FDC-42A3-9474-1A3956D46DE8}") = "18 Regular expressions", "18 Regular expressions", "{A0322B95-0B76-4359-A440-43DBEDA83755}"
EndProject
Project("{FAE04EC0-301F-11D3-BF4B-00C04F79EFBC}") = "RegularExpressions", "RegularExpressions\RegularExpressions.csproj", "{CA4397CB-1DAA-44E1-A2A4-742DFBBFBAB7}"
EndProject
Global
	GlobalSection(SolutionConfigurationPlatforms) = preSolution
		Debug|Any CPU = Debug|Any CPU
		Release|Any CPU = Release|Any CPU
	EndGlobalSection
	GlobalSection(ProjectConfigurationPlatforms) = postSolution
		{E788781C-84DB-42D3-849A-D1D77107139E}.Debug|Any CPU.ActiveCfg = Debug|Any CPU
		{E788781C-84DB-42D3-849A-D1D77107139E}.Debug|Any CPU.Build.0 = Debug|Any CPU
		{E788781C-84DB-42D3-849A-D1D77107139E}.Release|Any CPU.ActiveCfg = Release|Any CPU
		{E788781C-84DB-42D3-849A-D1D77107139E}.Release|Any CPU.Build.0 = Release|Any CPU
		{39373F7C-897B-46EF-BB29-21391AA80A87}.Debug|Any CPU.ActiveCfg = Debug|Any CPU
		{39373F7C-897B-46EF-BB29-21391AA80A87}.Debug|Any CPU.Build.0 = Debug|Any CPU
		{39373F7C-897B-46EF-BB29-21391AA80A87}.Release|Any CPU.ActiveCfg = Release|Any CPU
		{39373F7C-897B-46EF-BB29-21391AA80A87}.Release|Any CPU.Build.0 = Release|Any CPU
		{67834F90-9BEE-4E90-88ED-80E099F9859B}.Debug|Any CPU.ActiveCfg = Debug|Any CPU
		{67834F90-9BEE-4E90-88ED-80E099F9859B}.Debug|Any CPU.Build.0 = Debug|Any CPU
		{67834F90-9BEE-4E90-88ED-80E099F9859B}.Release|Any CPU.ActiveCfg = Release|Any CPU
		{67834F90-9BEE-4E90-88ED-80E099F9859B}.Release|Any CPU.Build.0 = Release|Any CPU
		{7979FD0F-5C1A-49DA-AADB-593721705CC0}.Debug|Any CPU.ActiveCfg = Debug|Any CPU
		{7979FD0F-5C1A-49DA-AADB-593721705CC0}.Debug|Any CPU.Build.0 = Debug|Any CPU
		{7979FD0F-5C1A-49DA-AADB-593721705CC0}.Release|Any CPU.ActiveCfg = Release|Any CPU
		{7979FD0F-5C1A-49DA-AADB-593721705CC0}.Release|Any CPU.Build.0 = Release|Any CPU
		{0F46ED27-6AA5-4651-AE4A-E2D3306081EE}.Debug|Any CPU.ActiveCfg = Debug|Any CPU
		{0F46ED27-6AA5-4651-AE4A-E2D3306081EE}.Debug|Any CPU.Build.0 = Debug|Any CPU
		{0F46ED27-6AA5-4651-AE4A-E2D3306081EE}.Release|Any CPU.ActiveCfg = Release|Any CPU
		{0F46ED27-6AA5-4651-AE4A-E2D3306081EE}.Release|Any CPU.Build.0 = Release|Any CPU
		{CFF309FF-1C30-4909-A4E8-DD9A2485C4A9}.Debug|Any CPU.ActiveCfg = Debug|Any CPU
		{CFF309FF-1C30-4909-A4E8-DD9A2485C4A9}.Debug|Any CPU.Build.0 = Debug|Any CPU
		{CFF309FF-1C30-4909-A4E8-DD9A2485C4A9}.Release|Any CPU.ActiveCfg = Release|Any CPU
		{CFF309FF-1C30-4909-A4E8-DD9A2485C4A9}.Release|Any CPU.Build.0 = Release|Any CPU
		{9912CA19-103F-4066-BB0B-2292A095A653}.Debug|Any CPU.ActiveCfg = Debug|Any CPU
		{9912CA19-103F-4066-BB0B-2292A095A653}.Debug|Any CPU.Build.0 = Debug|Any CPU
		{9912CA19-103F-4066-BB0B-2292A095A653}.Release|Any CPU.ActiveCfg = Release|Any CPU
		{9912CA19-103F-4066-BB0B-2292A095A653}.Release|Any CPU.Build.0 = Release|Any CPU
		{97CEC428-C403-4318-ABD4-8AB14DAD0BCD}.Debug|Any CPU.ActiveCfg = Debug|Any CPU
		{97CEC428-C403-4318-ABD4-8AB14DAD0BCD}.Debug|Any CPU.Build.0 = Debug|Any CPU
		{97CEC428-C403-4318-ABD4-8AB14DAD0BCD}.Release|Any CPU.ActiveCfg = Release|Any CPU
		{97CEC428-C403-4318-ABD4-8AB14DAD0BCD}.Release|Any CPU.Build.0 = Release|Any CPU
		{C1729892-9258-474B-84AB-31B7D07C373A}.Debug|Any CPU.ActiveCfg = Debug|Any CPU
		{C1729892-9258-474B-84AB-31B7D07C373A}.Debug|Any CPU.Build.0 = Debug|Any CPU
		{C1729892-9258-474B-84AB-31B7D07C373A}.Release|Any CPU.ActiveCfg = Release|Any CPU
		{C1729892-9258-474B-84AB-31B7D07C373A}.Release|Any CPU.Build.0 = Release|Any CPU
		{DE3370E2-81BE-417B-8109-AED265F84C72}.Debug|Any CPU.ActiveCfg = Debug|Any CPU
		{DE3370E2-81BE-417B-8109-AED265F84C72}.Debug|Any CPU.Build.0 = Debug|Any CPU
		{DE3370E2-81BE-417B-8109-AED265F84C72}.Release|Any CPU.ActiveCfg = Release|Any CPU
		{DE3370E2-81BE-417B-8109-AED265F84C72}.Release|Any CPU.Build.0 = Release|Any CPU
		{56EB4B45-C3B5-4A9C-A857-035E70D82E33}.Debug|Any CPU.ActiveCfg = Debug|Any CPU
		{56EB4B45-C3B5-4A9C-A857-035E70D82E33}.Debug|Any CPU.Build.0 = Debug|Any CPU
		{56EB4B45-C3B5-4A9C-A857-035E70D82E33}.Release|Any CPU.ActiveCfg = Release|Any CPU
		{56EB4B45-C3B5-4A9C-A857-035E70D82E33}.Release|Any CPU.Build.0 = Release|Any CPU
		{4261923D-5BC0-43A8-9C07-C39C575B7800}.Debug|Any CPU.ActiveCfg = Debug|Any CPU
		{4261923D-5BC0-43A8-9C07-C39C575B7800}.Debug|Any CPU.Build.0 = Debug|Any CPU
		{4261923D-5BC0-43A8-9C07-C39C575B7800}.Release|Any CPU.ActiveCfg = Release|Any CPU
		{4261923D-5BC0-43A8-9C07-C39C575B7800}.Release|Any CPU.Build.0 = Release|Any CPU
		{B641CA12-FB5A-4BEB-880A-80E70193B105}.Debug|Any CPU.ActiveCfg = Debug|Any CPU
		{B641CA12-FB5A-4BEB-880A-80E70193B105}.Debug|Any CPU.Build.0 = Debug|Any CPU
		{B641CA12-FB5A-4BEB-880A-80E70193B105}.Release|Any CPU.ActiveCfg = Release|Any CPU
		{B641CA12-FB5A-4BEB-880A-80E70193B105}.Release|Any CPU.Build.0 = Release|Any CPU
		{D47A9B2F-F5C8-4B74-95B0-4A5B84B7B0E3}.Debug|Any CPU.ActiveCfg = Debug|Any CPU
		{D47A9B2F-F5C8-4B74-95B0-4A5B84B7B0E3}.Debug|Any CPU.Build.0 = Debug|Any CPU
		{D47A9B2F-F5C8-4B74-95B0-4A5B84B7B0E3}.Release|Any CPU.ActiveCfg = Release|Any CPU
		{D47A9B2F-F5C8-4B74-95B0-4A5B84B7B0E3}.Release|Any CPU.Build.0 = Release|Any CPU
		{13757099-7A2D-40FF-9DA3-03BEDD71EB4C}.Debug|Any CPU.ActiveCfg = Debug|Any CPU
		{13757099-7A2D-40FF-9DA3-03BEDD71EB4C}.Debug|Any CPU.Build.0 = Debug|Any CPU
		{13757099-7A2D-40FF-9DA3-03BEDD71EB4C}.Release|Any CPU.ActiveCfg = Release|Any CPU
		{13757099-7A2D-40FF-9DA3-03BEDD71EB4C}.Release|Any CPU.Build.0 = Release|Any CPU
		{6915B8F2-2158-4FFE-A0E2-C0C609D8CE14}.Debug|Any CPU.ActiveCfg = Debug|Any CPU
		{6915B8F2-2158-4FFE-A0E2-C0C609D8CE14}.Debug|Any CPU.Build.0 = Debug|Any CPU
		{6915B8F2-2158-4FFE-A0E2-C0C609D8CE14}.Release|Any CPU.ActiveCfg = Release|Any CPU
		{6915B8F2-2158-4FFE-A0E2-C0C609D8CE14}.Release|Any CPU.Build.0 = Release|Any CPU
		{D30F45B1-4ED9-431A-B715-DE5D9E6EF221}.Debug|Any CPU.ActiveCfg = Debug|Any CPU
		{D30F45B1-4ED9-431A-B715-DE5D9E6EF221}.Debug|Any CPU.Build.0 = Debug|Any CPU
		{D30F45B1-4ED9-431A-B715-DE5D9E6EF221}.Release|Any CPU.ActiveCfg = Release|Any CPU
		{D30F45B1-4ED9-431A-B715-DE5D9E6EF221}.Release|Any CPU.Build.0 = Release|Any CPU
		{65A287B1-89D8-4ED5-81B0-CF173A264FD6}.Debug|Any CPU.ActiveCfg = Debug|Any CPU
		{65A287B1-89D8-4ED5-81B0-CF173A264FD6}.Debug|Any CPU.Build.0 = Debug|Any CPU
		{65A287B1-89D8-4ED5-81B0-CF173A264FD6}.Release|Any CPU.ActiveCfg = Release|Any CPU
		{65A287B1-89D8-4ED5-81B0-CF173A264FD6}.Release|Any CPU.Build.0 = Release|Any CPU
		{94CA8F79-1219-4D6B-B183-48F56E84B953}.Debug|Any CPU.ActiveCfg = Debug|Any CPU
		{94CA8F79-1219-4D6B-B183-48F56E84B953}.Debug|Any CPU.Build.0 = Debug|Any CPU
		{94CA8F79-1219-4D6B-B183-48F56E84B953}.Release|Any CPU.ActiveCfg = Release|Any CPU
		{94CA8F79-1219-4D6B-B183-48F56E84B953}.Release|Any CPU.Build.0 = Release|Any CPU
		{B87692D8-379D-439F-8FAF-9DA8630D7C53}.Debug|Any CPU.ActiveCfg = Debug|Any CPU
		{B87692D8-379D-439F-8FAF-9DA8630D7C53}.Debug|Any CPU.Build.0 = Debug|Any CPU
		{B87692D8-379D-439F-8FAF-9DA8630D7C53}.Release|Any CPU.ActiveCfg = Release|Any CPU
		{B87692D8-379D-439F-8FAF-9DA8630D7C53}.Release|Any CPU.Build.0 = Release|Any CPU
		{1B25C856-0DB9-4E39-B8C3-E4C59EDDD3A7}.Debug|Any CPU.ActiveCfg = Debug|Any CPU
		{1B25C856-0DB9-4E39-B8C3-E4C59EDDD3A7}.Debug|Any CPU.Build.0 = Debug|Any CPU
		{1B25C856-0DB9-4E39-B8C3-E4C59EDDD3A7}.Release|Any CPU.ActiveCfg = Release|Any CPU
		{1B25C856-0DB9-4E39-B8C3-E4C59EDDD3A7}.Release|Any CPU.Build.0 = Release|Any CPU
		{6F3CB938-17BB-4A03-930D-F8E4F765D1E9}.Debug|Any CPU.ActiveCfg = Debug|Any CPU
		{6F3CB938-17BB-4A03-930D-F8E4F765D1E9}.Debug|Any CPU.Build.0 = Debug|Any CPU
		{6F3CB938-17BB-4A03-930D-F8E4F765D1E9}.Release|Any CPU.ActiveCfg = Release|Any CPU
		{6F3CB938-17BB-4A03-930D-F8E4F765D1E9}.Release|Any CPU.Build.0 = Release|Any CPU
		{9F5C8B34-81AE-40E1-B06A-73506F45737A}.Debug|Any CPU.ActiveCfg = Debug|Any CPU
		{9F5C8B34-81AE-40E1-B06A-73506F45737A}.Debug|Any CPU.Build.0 = Debug|Any CPU
		{9F5C8B34-81AE-40E1-B06A-73506F45737A}.Release|Any CPU.ActiveCfg = Release|Any CPU
		{9F5C8B34-81AE-40E1-B06A-73506F45737A}.Release|Any CPU.Build.0 = Release|Any CPU
		{CA4397CB-1DAA-44E1-A2A4-742DFBBFBAB7}.Debug|Any CPU.ActiveCfg = Debug|Any CPU
		{CA4397CB-1DAA-44E1-A2A4-742DFBBFBAB7}.Debug|Any CPU.Build.0 = Debug|Any CPU
		{CA4397CB-1DAA-44E1-A2A4-742DFBBFBAB7}.Release|Any CPU.ActiveCfg = Release|Any CPU
		{CA4397CB-1DAA-44E1-A2A4-742DFBBFBAB7}.Release|Any CPU.Build.0 = Release|Any CPU
	EndGlobalSection
	GlobalSection(SolutionProperties) = preSolution
		HideSolutionNode = FALSE
	EndGlobalSection
	GlobalSection(NestedProjects) = preSolution
		{E788781C-84DB-42D3-849A-D1D77107139E} = {14E275FE-AA8C-4CEC-88D7-F445E5D36E9A}
		{39373F7C-897B-46EF-BB29-21391AA80A87} = {00A4BBC5-B56B-495F-B159-06832563615E}
		{67834F90-9BEE-4E90-88ED-80E099F9859B} = {00A4BBC5-B56B-495F-B159-06832563615E}
		{FA47C197-4CC2-4021-ADD2-F2D1F6C07948} = {F26E6439-A1C0-4CF6-A015-506238D75605}
		{7979FD0F-5C1A-49DA-AADB-593721705CC0} = {FA47C197-4CC2-4021-ADD2-F2D1F6C07948}
		{A48BDA34-6091-4CC3-8482-56967341DCAF} = {F26E6439-A1C0-4CF6-A015-506238D75605}
		{0F46ED27-6AA5-4651-AE4A-E2D3306081EE} = {A48BDA34-6091-4CC3-8482-56967341DCAF}
		{CFF309FF-1C30-4909-A4E8-DD9A2485C4A9} = {A48BDA34-6091-4CC3-8482-56967341DCAF}
		{6426BE3E-1186-47FE-AB88-100E741FEF8C} = {F26E6439-A1C0-4CF6-A015-506238D75605}
		{9912CA19-103F-4066-BB0B-2292A095A653} = {6426BE3E-1186-47FE-AB88-100E741FEF8C}
		{13F2E883-0AD1-4315-A618-2DB666047C72} = {F26E6439-A1C0-4CF6-A015-506238D75605}
		{97CEC428-C403-4318-ABD4-8AB14DAD0BCD} = {13F2E883-0AD1-4315-A618-2DB666047C72}
		{C1729892-9258-474B-84AB-31B7D07C373A} = {13F2E883-0AD1-4315-A618-2DB666047C72}
		{9723B1FC-EB30-47A1-A01E-9C2296139B35} = {F26E6439-A1C0-4CF6-A015-506238D75605}
		{DE3370E2-81BE-417B-8109-AED265F84C72} = {9723B1FC-EB30-47A1-A01E-9C2296139B35}
		{56EB4B45-C3B5-4A9C-A857-035E70D82E33} = {36CE9E6E-9E9C-4CB2-B2D6-B57670FAC210}
		{4261923D-5BC0-43A8-9C07-C39C575B7800} = {FA972DE8-A6BB-4672-9907-25AFD16948B1}
		{B641CA12-FB5A-4BEB-880A-80E70193B105} = {FA972DE8-A6BB-4672-9907-25AFD16948B1}
		{D47A9B2F-F5C8-4B74-95B0-4A5B84B7B0E3} = {4838893E-E6F1-43E4-BF4E-15DCAD2278A2}
		{13757099-7A2D-40FF-9DA3-03BEDD71EB4C} = {9E85C794-E0D5-408F-A710-A6163EADD6F3}
		{6915B8F2-2158-4FFE-A0E2-C0C609D8CE14} = {D762EA79-409D-44CD-9FED-50531658BFD5}
		{D30F45B1-4ED9-431A-B715-DE5D9E6EF221} = {D762EA79-409D-44CD-9FED-50531658BFD5}
		{65A287B1-89D8-4ED5-81B0-CF173A264FD6} = {144B626E-364A-4B4D-8418-346DB532312A}
		{94CA8F79-1219-4D6B-B183-48F56E84B953} = {04240057-F022-4ED6-9C2E-7EAA3FA80B85}
		{B87692D8-379D-439F-8FAF-9DA8630D7C53} = {120001DE-0C73-4D09-A321-6FDAEB421CFB}
		{1B25C856-0DB9-4E39-B8C3-E4C59EDDD3A7} = {7CF60739-12E6-45FA-9F82-4D8090B7F8D9}
		{6F3CB938-17BB-4A03-930D-F8E4F765D1E9} = {B8474518-A430-41B4-9EB4-DC4D0C66613A}
		{9F5C8B34-81AE-40E1-B06A-73506F45737A} = {BA318CF8-6F1C-4D83-86B2-C6B03E2ED74E}
		{CA4397CB-1DAA-44E1-A2A4-742DFBBFBAB7} = {A0322B95-0B76-4359-A440-43DBEDA83755}
	EndGlobalSection
	GlobalSection(ExtensibilityGlobals) = postSolution
		SolutionGuid = {498C29EF-0474-4C7D-A825-BB7F36FA1E99}
	EndGlobalSection
EndGlobal
