
Microsoft Visual Studio Solution File, Format Version 12.00
# Visual Studio Version 17
VisualStudioVersion = 17.1.31911.260
MinimumVisualStudioVersion = 10.0.40219.1
Project("{2150E333-8FDC-42A3-9474-1A3956D46DE8}") = "00 Solution items", "00 Solution items", "{A33B0CBE-9D88-457E-B40D-F6D8ABDDC6F0}"
	ProjectSection(SolutionItems) = preProject
		README.md = README.md
	EndProjectSection
EndProject
Project("{2150E333-8FDC-42A3-9474-1A3956D46DE8}") = "11 Calculator with unittests", "11 Calculator with unittests", "{55B7355E-1E96-4052-8E7E-29CDEEC0AD16}"
EndProject
Project("{2150E333-8FDC-42A3-9474-1A3956D46DE8}") = "12 Error handling concepts", "12 Error handling concepts", "{14E275FE-AA8C-4CEC-88D7-F445E5D36E9A}"
EndProject
Project("{9A19103F-16F7-4668-BE54-9A1E7A4F7556}") = "Error_Handling_Concepts", "Error_Handling_Concepts\Error_Handling_Concepts.csproj", "{E788781C-84DB-42D3-849A-D1D77107139E}"
EndProject
Project("{9A19103F-16F7-4668-BE54-9A1E7A4F7556}") = "Logging_simple", "Logging_simple\Logging_simple.csproj", "{39373F7C-897B-46EF-BB29-21391AA80A87}"
EndProject
Project("{9A19103F-16F7-4668-BE54-9A1E7A4F7556}") = "Logging_with_NLog", "Logging_with_NLog\Logging_with_NLog.csproj", "{67834F90-9BEE-4E90-88ED-80E099F9859B}"
EndProject
Project("{2150E333-8FDC-42A3-9474-1A3956D46DE8}") = "01 Logging", "01 Logging", "{00A4BBC5-B56B-495F-B159-06832563615E}"
EndProject
Project("{2150E333-8FDC-42A3-9474-1A3956D46DE8}") = "02 WeatherDisplay using HTML download", "02 WeatherDisplay using HTML download", "{F26E6439-A1C0-4CF6-A015-506238D75605}"
EndProject
Project("{2150E333-8FDC-42A3-9474-1A3956D46DE8}") = "A Simple solution (commandline)", "A Simple solution (commandline)", "{FA47C197-4CC2-4021-ADD2-F2D1F6C07948}"
EndProject
Project("{9A19103F-16F7-4668-BE54-9A1E7A4F7556}") = "WeatherDisplayCmdline", "WeatherDisplay\Variant1\WeatherDisplayCmdline.csproj", "{7979FD0F-5C1A-49DA-AADB-593721705CC0}"
EndProject
Project("{2150E333-8FDC-42A3-9474-1A3956D46DE8}") = "B WPF solution", "B WPF solution", "{A48BDA34-6091-4CC3-8482-56967341DCAF}"
EndProject
Project("{9A19103F-16F7-4668-BE54-9A1E7A4F7556}") = "Abraham.Http", "WeatherDisplay\Abraham.Http\Abraham.Http.csproj", "{0F46ED27-6AA5-4651-AE4A-E2D3306081EE}"
EndProject
Project("{9A19103F-16F7-4668-BE54-9A1E7A4F7556}") = "WPFSolution", "WeatherDisplay\WPFSolution\WPFSolution.csproj", "{CFF309FF-1C30-4909-A4E8-DD9A2485C4A9}"
EndProject
Project("{2150E333-8FDC-42A3-9474-1A3956D46DE8}") = "C Calling an external process", "C Calling an external process", "{6426BE3E-1186-47FE-AB88-100E741FEF8C}"
EndProject
Project("{9A19103F-16F7-4668-BE54-9A1E7A4F7556}") = "CallingAnExternalProcess", "WeatherDisplay\CallingAnExternalProcess\CallingAnExternalProcess.csproj", "{9912CA19-103F-4066-BB0B-2292A095A653}"
EndProject
Project("{2150E333-8FDC-42A3-9474-1A3956D46DE8}") = "D HTML processing with HtmlAgilityPack", "D HTML processing with HtmlAgilityPack", "{13F2E883-0AD1-4315-A618-2DB666047C72}"
EndProject
Project("{FAE04EC0-301F-11D3-BF4B-00C04F79EFBC}") = "HtmlProcessingWithHtmlAgilityPack", "WeatherDisplay\HtmlProcessingWithHtmlAgilityPack\HtmlProcessingWithHtmlAgilityPack.csproj", "{97CEC428-C403-4318-ABD4-8AB14DAD0BCD}"
EndProject
Project("{FAE04EC0-301F-11D3-BF4B-00C04F79EFBC}") = "Abraham.Weather", "WeatherDisplay\Abraham.Weather\Abraham.Weather.csproj", "{C1729892-9258-474B-84AB-31B7D07C373A}"
EndProject
Project("{2150E333-8FDC-42A3-9474-1A3956D46DE8}") = "E Unittests for D", "E Unittests for D", "{9723B1FC-EB30-47A1-A01E-9C2296139B35}"
EndProject
Project("{FAE04EC0-301F-11D3-BF4B-00C04F79EFBC}") = "AbrahamWeather_Tests", "WeatherDisplay\AbrahamWeather_Tests\AbrahamWeather_Tests.csproj", "{DE3370E2-81BE-417B-8109-AED265F84C72}"
EndProject
Global
	GlobalSection(SolutionConfigurationPlatforms) = preSolution
		Debug|Any CPU = Debug|Any CPU
		Release|Any CPU = Release|Any CPU
	EndGlobalSection
	GlobalSection(ProjectConfigurationPlatforms) = postSolution
		{E788781C-84DB-42D3-849A-D1D77107139E}.Debug|Any CPU.ActiveCfg = Debug|Any CPU
		{E788781C-84DB-42D3-849A-D1D77107139E}.Debug|Any CPU.Build.0 = Debug|Any CPU
		{E788781C-84DB-42D3-849A-D1D77107139E}.Release|Any CPU.ActiveCfg = Release|Any CPU
		{E788781C-84DB-42D3-849A-D1D77107139E}.Release|Any CPU.Build.0 = Release|Any CPU
		{39373F7C-897B-46EF-BB29-21391AA80A87}.Debug|Any CPU.ActiveCfg = Debug|Any CPU
		{39373F7C-897B-46EF-BB29-21391AA80A87}.Debug|Any CPU.Build.0 = Debug|Any CPU
		{39373F7C-897B-46EF-BB29-21391AA80A87}.Release|Any CPU.ActiveCfg = Release|Any CPU
		{39373F7C-897B-46EF-BB29-21391AA80A87}.Release|Any CPU.Build.0 = Release|Any CPU
		{67834F90-9BEE-4E90-88ED-80E099F9859B}.Debug|Any CPU.ActiveCfg = Debug|Any CPU
		{67834F90-9BEE-4E90-88ED-80E099F9859B}.Debug|Any CPU.Build.0 = Debug|Any CPU
		{67834F90-9BEE-4E90-88ED-80E099F9859B}.Release|Any CPU.ActiveCfg = Release|Any CPU
		{67834F90-9BEE-4E90-88ED-80E099F9859B}.Release|Any CPU.Build.0 = Release|Any CPU
		{7979FD0F-5C1A-49DA-AADB-593721705CC0}.Debug|Any CPU.ActiveCfg = Debug|Any CPU
		{7979FD0F-5C1A-49DA-AADB-593721705CC0}.Debug|Any CPU.Build.0 = Debug|Any CPU
		{7979FD0F-5C1A-49DA-AADB-593721705CC0}.Release|Any CPU.ActiveCfg = Release|Any CPU
		{7979FD0F-5C1A-49DA-AADB-593721705CC0}.Release|Any CPU.Build.0 = Release|Any CPU
		{0F46ED27-6AA5-4651-AE4A-E2D3306081EE}.Debug|Any CPU.ActiveCfg = Debug|Any CPU
		{0F46ED27-6AA5-4651-AE4A-E2D3306081EE}.Debug|Any CPU.Build.0 = Debug|Any CPU
		{0F46ED27-6AA5-4651-AE4A-E2D3306081EE}.Release|Any CPU.ActiveCfg = Release|Any CPU
		{0F46ED27-6AA5-4651-AE4A-E2D3306081EE}.Release|Any CPU.Build.0 = Release|Any CPU
		{CFF309FF-1C30-4909-A4E8-DD9A2485C4A9}.Debug|Any CPU.ActiveCfg = Debug|Any CPU
		{CFF309FF-1C30-4909-A4E8-DD9A2485C4A9}.Debug|Any CPU.Build.0 = Debug|Any CPU
		{CFF309FF-1C30-4909-A4E8-DD9A2485C4A9}.Release|Any CPU.ActiveCfg = Release|Any CPU
		{CFF309FF-1C30-4909-A4E8-DD9A2485C4A9}.Release|Any CPU.Build.0 = Release|Any CPU
		{9912CA19-103F-4066-BB0B-2292A095A653}.Debug|Any CPU.ActiveCfg = Debug|Any CPU
		{9912CA19-103F-4066-BB0B-2292A095A653}.Debug|Any CPU.Build.0 = Debug|Any CPU
		{9912CA19-103F-4066-BB0B-2292A095A653}.Release|Any CPU.ActiveCfg = Release|Any CPU
		{9912CA19-103F-4066-BB0B-2292A095A653}.Release|Any CPU.Build.0 = Release|Any CPU
		{97CEC428-C403-4318-ABD4-8AB14DAD0BCD}.Debug|Any CPU.ActiveCfg = Debug|Any CPU
		{97CEC428-C403-4318-ABD4-8AB14DAD0BCD}.Debug|Any CPU.Build.0 = Debug|Any CPU
		{97CEC428-C403-4318-ABD4-8AB14DAD0BCD}.Release|Any CPU.ActiveCfg = Release|Any CPU
		{97CEC428-C403-4318-ABD4-8AB14DAD0BCD}.Release|Any CPU.Build.0 = Release|Any CPU
		{C1729892-9258-474B-84AB-31B7D07C373A}.Debug|Any CPU.ActiveCfg = Debug|Any CPU
		{C1729892-9258-474B-84AB-31B7D07C373A}.Debug|Any CPU.Build.0 = Debug|Any CPU
		{C1729892-9258-474B-84AB-31B7D07C373A}.Release|Any CPU.ActiveCfg = Release|Any CPU
		{C1729892-9258-474B-84AB-31B7D07C373A}.Release|Any CPU.Build.0 = Release|Any CPU
		{DE3370E2-81BE-417B-8109-AED265F84C72}.Debug|Any CPU.ActiveCfg = Debug|Any CPU
		{DE3370E2-81BE-417B-8109-AED265F84C72}.Debug|Any CPU.Build.0 = Debug|Any CPU
		{DE3370E2-81BE-417B-8109-AED265F84C72}.Release|Any CPU.ActiveCfg = Release|Any CPU
		{DE3370E2-81BE-417B-8109-AED265F84C72}.Release|Any CPU.Build.0 = Release|Any CPU
	EndGlobalSection
	GlobalSection(SolutionProperties) = preSolution
		HideSolutionNode = FALSE
	EndGlobalSection
	GlobalSection(NestedProjects) = preSolution
		{E788781C-84DB-42D3-849A-D1D77107139E} = {14E275FE-AA8C-4CEC-88D7-F445E5D36E9A}
		{39373F7C-897B-46EF-BB29-21391AA80A87} = {00A4BBC5-B56B-495F-B159-06832563615E}
		{67834F90-9BEE-4E90-88ED-80E099F9859B} = {00A4BBC5-B56B-495F-B159-06832563615E}
		{FA47C197-4CC2-4021-ADD2-F2D1F6C07948} = {F26E6439-A1C0-4CF6-A015-506238D75605}
		{7979FD0F-5C1A-49DA-AADB-593721705CC0} = {FA47C197-4CC2-4021-ADD2-F2D1F6C07948}
		{A48BDA34-6091-4CC3-8482-56967341DCAF} = {F26E6439-A1C0-4CF6-A015-506238D75605}
		{0F46ED27-6AA5-4651-AE4A-E2D3306081EE} = {A48BDA34-6091-4CC3-8482-56967341DCAF}
		{CFF309FF-1C30-4909-A4E8-DD9A2485C4A9} = {A48BDA34-6091-4CC3-8482-56967341DCAF}
		{6426BE3E-1186-47FE-AB88-100E741FEF8C} = {F26E6439-A1C0-4CF6-A015-506238D75605}
		{9912CA19-103F-4066-BB0B-2292A095A653} = {6426BE3E-1186-47FE-AB88-100E741FEF8C}
		{13F2E883-0AD1-4315-A618-2DB666047C72} = {F26E6439-A1C0-4CF6-A015-506238D75605}
		{97CEC428-C403-4318-ABD4-8AB14DAD0BCD} = {13F2E883-0AD1-4315-A618-2DB666047C72}
		{C1729892-9258-474B-84AB-31B7D07C373A} = {13F2E883-0AD1-4315-A618-2DB666047C72}
		{9723B1FC-EB30-47A1-A01E-9C2296139B35} = {F26E6439-A1C0-4CF6-A015-506238D75605}
		{DE3370E2-81BE-417B-8109-AED265F84C72} = {9723B1FC-EB30-47A1-A01E-9C2296139B35}
	EndGlobalSection
	GlobalSection(ExtensibilityGlobals) = postSolution
		SolutionGuid = {498C29EF-0474-4C7D-A825-BB7F36FA1E99}
	EndGlobalSection
EndGlobal
