
Microsoft Visual Studio Solution File, Format Version 12.00
# Visual Studio Version 17
VisualStudioVersion = 17.1.31911.260
MinimumVisualStudioVersion = 10.0.40219.1
Project("{2150E333-8FDC-42A3-9474-1A3956D46DE8}") = "00 Solution items", "00 Solution items", "{A33B0CBE-9D88-457E-B40D-F6D8ABDDC6F0}"
	ProjectSection(SolutionItems) = preProject
		README.md = README.md
	EndProjectSection
EndProject
Project("{2150E333-8FDC-42A3-9474-1A3956D46DE8}") = "01 Calculator with unittests", "01 Calculator with unittests", "{55B7355E-1E96-4052-8E7E-29CDEEC0AD16}"
EndProject
Project("{2150E333-8FDC-42A3-9474-1A3956D46DE8}") = "02 Error handling concepts", "02 Error handling concepts", "{14E275FE-AA8C-4CEC-88D7-F445E5D36E9A}"
EndProject
Project("{FAE04EC0-301F-11D3-BF4B-00C04F79EFBC}") = "Error_Handling_Concepts", "Error_Handling_Concepts\Error_Handling_Concepts.csproj", "{E788781C-84DB-42D3-849A-D1D77107139E}"
EndProject
Global
	GlobalSection(SolutionConfigurationPlatforms) = preSolution
		Debug|Any CPU = Debug|Any CPU
		Release|Any CPU = Release|Any CPU
	EndGlobalSection
	GlobalSection(ProjectConfigurationPlatforms) = postSolution
		{E788781C-84DB-42D3-849A-D1D77107139E}.Debug|Any CPU.ActiveCfg = Debug|Any CPU
		{E788781C-84DB-42D3-849A-D1D77107139E}.Debug|Any CPU.Build.0 = Debug|Any CPU
		{E788781C-84DB-42D3-849A-D1D77107139E}.Release|Any CPU.ActiveCfg = Release|Any CPU
		{E788781C-84DB-42D3-849A-D1D77107139E}.Release|Any CPU.Build.0 = Release|Any CPU
	EndGlobalSection
	GlobalSection(SolutionProperties) = preSolution
		HideSolutionNode = FALSE
	EndGlobalSection
	GlobalSection(NestedProjects) = preSolution
		{E788781C-84DB-42D3-849A-D1D77107139E} = {14E275FE-AA8C-4CEC-88D7-F445E5D36E9A}
	EndGlobalSection
	GlobalSection(ExtensibilityGlobals) = postSolution
		SolutionGuid = {498C29EF-0474-4C7D-A825-BB7F36FA1E99}
	EndGlobalSection
EndGlobal
