
Microsoft Visual Studio Solution File, Format Version 12.00
# Visual Studio 15
VisualStudioVersion = 15.0.28307.106
MinimumVisualStudioVersion = 10.0.40219.1
Project("{FAE04EC0-301F-11D3-BF4B-00C04F79EFBC}") = "AspNetCore WebAPI w UnitTests", "AspNetCore WebAPI w UnitTests\AspNetCore WebAPI w UnitTests.csproj", "{473EE002-6605-4B48-8617-E003A9D94641}"
EndProject
Project("{FAE04EC0-301F-11D3-BF4B-00C04F79EFBC}") = "ControllerUnitTests_xUnit", "ControllerUnitTests_xUnit\ControllerUnitTests_xUnit.csproj", "{2B787502-1CF7-4D2C-BA84-8A7C8D8E3350}"
EndProject
Project("{FAE04EC0-301F-11D3-BF4B-00C04F79EFBC}") = "IntegrationTests", "IntegrationTests\IntegrationTests.csproj", "{20C73665-E818-4FAC-A9BB-8F7AEEF714E1}"
EndProject
Global
	GlobalSection(SolutionConfigurationPlatforms) = preSolution
		Debug|Any CPU = Debug|Any CPU
		Release|Any CPU = Release|Any CPU
	EndGlobalSection
	GlobalSection(ProjectConfigurationPlatforms) = postSolution
		{473EE002-6605-4B48-8617-E003A9D94641}.Debug|Any CPU.ActiveCfg = Debug|Any CPU
		{473EE002-6605-4B48-8617-E003A9D94641}.Debug|Any CPU.Build.0 = Debug|Any CPU
		{473EE002-6605-4B48-8617-E003A9D94641}.Release|Any CPU.ActiveCfg = Release|Any CPU
		{473EE002-6605-4B48-8617-E003A9D94641}.Release|Any CPU.Build.0 = Release|Any CPU
		{2B787502-1CF7-4D2C-BA84-8A7C8D8E3350}.Debug|Any CPU.ActiveCfg = Debug|Any CPU
		{2B787502-1CF7-4D2C-BA84-8A7C8D8E3350}.Debug|Any CPU.Build.0 = Debug|Any CPU
		{2B787502-1CF7-4D2C-BA84-8A7C8D8E3350}.Release|Any CPU.ActiveCfg = Release|Any CPU
		{2B787502-1CF7-4D2C-BA84-8A7C8D8E3350}.Release|Any CPU.Build.0 = Release|Any CPU
		{20C73665-E818-4FAC-A9BB-8F7AEEF714E1}.Debug|Any CPU.ActiveCfg = Debug|Any CPU
		{20C73665-E818-4FAC-A9BB-8F7AEEF714E1}.Debug|Any CPU.Build.0 = Debug|Any CPU
		{20C73665-E818-4FAC-A9BB-8F7AEEF714E1}.Release|Any CPU.ActiveCfg = Release|Any CPU
		{20C73665-E818-4FAC-A9BB-8F7AEEF714E1}.Release|Any CPU.Build.0 = Release|Any CPU
	EndGlobalSection
	GlobalSection(SolutionProperties) = preSolution
		HideSolutionNode = FALSE
	EndGlobalSection
	GlobalSection(ExtensibilityGlobals) = postSolution
		SolutionGuid = {C5F90458-3A45-4F09-AE04-1922C0D51AB3}
	EndGlobalSection
	GlobalSection(TeamFoundationVersionControl) = preSolution
		SccNumberOfProjects = 4
		SccEnterpriseProvider = {4CA58AB2-18FA-4F8D-95D4-32DDF27D184C}
		SccTeamFoundationServer = https://oliverabraham.visualstudio.com/
		SccLocalPath0 = .
		SccProjectUniqueName1 = AspNetCore\u0020WebAPI\u0020w\u0020UnitTests\\AspNetCore\u0020WebAPI\u0020w\u0020UnitTests.csproj
		SccProjectName1 = AspNetCore\u0020WebAPI\u0020w\u0020UnitTests
		SccLocalPath1 = AspNetCore\u0020WebAPI\u0020w\u0020UnitTests
		SccProjectUniqueName2 = ControllerUnitTests_xUnit\\ControllerUnitTests_xUnit.csproj
		SccProjectName2 = ControllerUnitTests_xUnit
		SccLocalPath2 = ControllerUnitTests_xUnit
		SccProjectUniqueName3 = IntegrationTests\\IntegrationTests.csproj
		SccProjectName3 = IntegrationTests
		SccLocalPath3 = IntegrationTests
	EndGlobalSection
EndGlobal
