
Microsoft Visual Studio Solution File, Format Version 12.00
# Visual Studio Version 16
VisualStudioVersion = 16.0.29905.134
MinimumVisualStudioVersion = 10.0.40219.1
Project("{9A19103F-16F7-4668-BE54-9A1E7A4F7556}") = "Abraham.Weather", "..\..\Hausnet\Libs\Abraham.Weather\Abraham.Weather.csproj", "{48463E3B-6847-4173-B8A2-68E48AB196D1}"
EndProject
Project("{9A19103F-16F7-4668-BE54-9A1E7A4F7556}") = "WetteranzeigeCore", "WetteranzeigeCore\WetteranzeigeCore.csproj", "{9DD3EC3D-5C53-436B-BA67-7DEF1FFD75F8}"
EndProject
Project("{9A19103F-16F7-4668-BE54-9A1E7A4F7556}") = "Abraham.Internet", "..\..\Hausnet\Libs\Abraham.Internet\Abraham.Internet.csproj", "{A894D9C2-72EA-4A06-A93B-2B78DDFC938F}"
EndProject
Project("{2150E333-8FDC-42A3-9474-1A3956D46DE8}") = "1 UI", "1 UI", "{F9D93A9B-855A-4FFB-B3A1-06FAF70A6378}"
EndProject
Project("{2150E333-8FDC-42A3-9474-1A3956D46DE8}") = "2 Libs", "2 Libs", "{D73CE84E-D379-41E3-ABBE-7C8962117E9C}"
EndProject
Global
	GlobalSection(SolutionConfigurationPlatforms) = preSolution
		Debug|Any CPU = Debug|Any CPU
		Release|Any CPU = Release|Any CPU
	EndGlobalSection
	GlobalSection(ProjectConfigurationPlatforms) = postSolution
		{48463E3B-6847-4173-B8A2-68E48AB196D1}.Debug|Any CPU.ActiveCfg = Debug|Any CPU
		{48463E3B-6847-4173-B8A2-68E48AB196D1}.Debug|Any CPU.Build.0 = Debug|Any CPU
		{48463E3B-6847-4173-B8A2-68E48AB196D1}.Release|Any CPU.ActiveCfg = Release|Any CPU
		{48463E3B-6847-4173-B8A2-68E48AB196D1}.Release|Any CPU.Build.0 = Release|Any CPU
		{9DD3EC3D-5C53-436B-BA67-7DEF1FFD75F8}.Debug|Any CPU.ActiveCfg = Debug|Any CPU
		{9DD3EC3D-5C53-436B-BA67-7DEF1FFD75F8}.Debug|Any CPU.Build.0 = Debug|Any CPU
		{9DD3EC3D-5C53-436B-BA67-7DEF1FFD75F8}.Release|Any CPU.ActiveCfg = Release|Any CPU
		{9DD3EC3D-5C53-436B-BA67-7DEF1FFD75F8}.Release|Any CPU.Build.0 = Release|Any CPU
		{A894D9C2-72EA-4A06-A93B-2B78DDFC938F}.Debug|Any CPU.ActiveCfg = Debug|Any CPU
		{A894D9C2-72EA-4A06-A93B-2B78DDFC938F}.Debug|Any CPU.Build.0 = Debug|Any CPU
		{A894D9C2-72EA-4A06-A93B-2B78DDFC938F}.Release|Any CPU.ActiveCfg = Release|Any CPU
		{A894D9C2-72EA-4A06-A93B-2B78DDFC938F}.Release|Any CPU.Build.0 = Release|Any CPU
	EndGlobalSection
	GlobalSection(SolutionProperties) = preSolution
		HideSolutionNode = FALSE
	EndGlobalSection
	GlobalSection(NestedProjects) = preSolution
		{48463E3B-6847-4173-B8A2-68E48AB196D1} = {D73CE84E-D379-41E3-ABBE-7C8962117E9C}
		{9DD3EC3D-5C53-436B-BA67-7DEF1FFD75F8} = {F9D93A9B-855A-4FFB-B3A1-06FAF70A6378}
		{A894D9C2-72EA-4A06-A93B-2B78DDFC938F} = {D73CE84E-D379-41E3-ABBE-7C8962117E9C}
	EndGlobalSection
	GlobalSection(ExtensibilityGlobals) = postSolution
		SolutionGuid = {F26623DF-2E75-4196-B112-B4BFFB31B605}
	EndGlobalSection
	GlobalSection(TeamFoundationVersionControl) = preSolution
		SccNumberOfProjects = 4
		SccEnterpriseProvider = {4CA58AB2-18FA-4F8D-95D4-32DDF27D184C}
		SccTeamFoundationServer = https://oliverabraham.visualstudio.com/
		SccLocalPath0 = .
		SccProjectUniqueName1 = ..\\..\\Hausnet\\Libs\\Abraham.Weather\\Abraham.Weather.csproj
		SccProjectTopLevelParentUniqueName1 = WetteranzeigeVorhersageUnicode.sln
		SccProjectName1 = ../../Hausnet/Libs/Abraham.Weather
		SccLocalPath1 = ..\\..\\Hausnet\\Libs\\Abraham.Weather
		SccProjectUniqueName2 = WetteranzeigeCore\\WetteranzeigeCore.csproj
		SccProjectTopLevelParentUniqueName2 = WetteranzeigeVorhersageUnicode.sln
		SccProjectName2 = WetteranzeigeCore
		SccLocalPath2 = WetteranzeigeCore
		SccProjectUniqueName3 = ..\\..\\Hausnet\\Libs\\Abraham.Internet\\Abraham.Internet.csproj
		SccProjectTopLevelParentUniqueName3 = WetteranzeigeVorhersageUnicode.sln
		SccProjectName3 = ../../Hausnet/Libs/Abraham.Internet
		SccLocalPath3 = ..\\..\\Hausnet\\Libs\\Abraham.Internet
	EndGlobalSection
EndGlobal
