
Microsoft Visual Studio Solution File, Format Version 12.00
# Visual Studio 14
VisualStudioVersion = 14.0.25123.0
MinimumVisualStudioVersion = 10.0.40219.1
Project("{FAE04EC0-301F-11D3-BF4B-00C04F79EFBC}") = "UnitTestCodeCoverage", "UnitTestCodeCoverage\UnitTestCodeCoverage.csproj", "{7A5A7D06-0F7D-4B9B-A770-D495FC1B5D05}"
EndProject
Project("{FAE04EC0-301F-11D3-BF4B-00C04F79EFBC}") = "UnitTests", "UnitTests\UnitTests.csproj", "{4DA97EAF-5C4B-4C0F-AC84-2C81B0687FDE}"
EndProject
Project("{FAE04EC0-301F-11D3-BF4B-00C04F79EFBC}") = "ZuTestendeKlassenbibliothek", "ZuTestendeKlassenbibliothek\ZuTestendeKlassenbibliothek.csproj", "{BC93796D-CE25-4AC4-90F1-F88599A1719A}"
EndProject
Global
	GlobalSection(SolutionConfigurationPlatforms) = preSolution
		Debug|Any CPU = Debug|Any CPU
		Release|Any CPU = Release|Any CPU
	EndGlobalSection
	GlobalSection(ProjectConfigurationPlatforms) = postSolution
		{7A5A7D06-0F7D-4B9B-A770-D495FC1B5D05}.Debug|Any CPU.ActiveCfg = Debug|Any CPU
		{7A5A7D06-0F7D-4B9B-A770-D495FC1B5D05}.Debug|Any CPU.Build.0 = Debug|Any CPU
		{7A5A7D06-0F7D-4B9B-A770-D495FC1B5D05}.Release|Any CPU.ActiveCfg = Release|Any CPU
		{7A5A7D06-0F7D-4B9B-A770-D495FC1B5D05}.Release|Any CPU.Build.0 = Release|Any CPU
		{4DA97EAF-5C4B-4C0F-AC84-2C81B0687FDE}.Debug|Any CPU.ActiveCfg = Debug|Any CPU
		{4DA97EAF-5C4B-4C0F-AC84-2C81B0687FDE}.Debug|Any CPU.Build.0 = Debug|Any CPU
		{4DA97EAF-5C4B-4C0F-AC84-2C81B0687FDE}.Release|Any CPU.ActiveCfg = Release|Any CPU
		{4DA97EAF-5C4B-4C0F-AC84-2C81B0687FDE}.Release|Any CPU.Build.0 = Release|Any CPU
		{BC93796D-CE25-4AC4-90F1-F88599A1719A}.Debug|Any CPU.ActiveCfg = Debug|Any CPU
		{BC93796D-CE25-4AC4-90F1-F88599A1719A}.Debug|Any CPU.Build.0 = Debug|Any CPU
		{BC93796D-CE25-4AC4-90F1-F88599A1719A}.Release|Any CPU.ActiveCfg = Release|Any CPU
		{BC93796D-CE25-4AC4-90F1-F88599A1719A}.Release|Any CPU.Build.0 = Release|Any CPU
	EndGlobalSection
	GlobalSection(SolutionProperties) = preSolution
		HideSolutionNode = FALSE
	EndGlobalSection
	GlobalSection(TeamFoundationVersionControl) = preSolution
		SccNumberOfProjects = 4
		SccEnterpriseProvider = {4CA58AB2-18FA-4F8D-95D4-32DDF27D184C}
		SccTeamFoundationServer = https://oliverabraham.visualstudio.com/defaultcollection
		SccLocalPath0 = .
		SccProjectUniqueName1 = UnitTestCodeCoverage\\UnitTestCodeCoverage.csproj
		SccProjectName1 = UnitTestCodeCoverage
		SccLocalPath1 = UnitTestCodeCoverage
		SccProjectUniqueName2 = UnitTests\\UnitTests.csproj
		SccProjectName2 = UnitTests
		SccLocalPath2 = UnitTests
		SccProjectUniqueName3 = ZuTestendeKlassenbibliothek\\ZuTestendeKlassenbibliothek.csproj
		SccProjectName3 = ZuTestendeKlassenbibliothek
		SccLocalPath3 = ZuTestendeKlassenbibliothek
	EndGlobalSection
EndGlobal
