
Microsoft Visual Studio Solution File, Format Version 12.00
# Visual Studio Version 16
VisualStudioVersion = 16.0.31729.503
MinimumVisualStudioVersion = 10.0.40219.1
Project("{FAE04EC0-301F-11D3-BF4B-00C04F79EFBC}") = "Geschäftslogik", "Geschäftslogik\Geschäftslogik.csproj", "{C5FC12CE-F902-4B69-BA52-7A525AC5B419}"
EndProject
Project("{FAE04EC0-301F-11D3-BF4B-00C04F79EFBC}") = "UnitTests", "UnitTests\UnitTests.csproj", "{37C01CF4-F422-463D-AD44-7C6D8734AB28}"
EndProject
Project("{FAE04EC0-301F-11D3-BF4B-00C04F79EFBC}") = "UserInterfaceLogik", "UserInterfaceLogik\UserInterfaceLogik.csproj", "{5A74CD7A-9F2E-411D-9479-1A6E5A40A545}"
EndProject
Project("{2150E333-8FDC-42A3-9474-1A3956D46DE8}") = "5 Libs", "5 Libs", "{D1872B3A-BDCD-41CC-B772-31D0EA73FE1F}"
	ProjectSection(SolutionItems) = preProject
		Fluent Assertions\FluentAssertions.Core.dll = Fluent Assertions\FluentAssertions.Core.dll
		Fluent Assertions\FluentAssertions.Core.pdb = Fluent Assertions\FluentAssertions.Core.pdb
		Fluent Assertions\FluentAssertions.Core.xml = Fluent Assertions\FluentAssertions.Core.xml
		Fluent Assertions\FluentAssertions.dll = Fluent Assertions\FluentAssertions.dll
		Fluent Assertions\FluentAssertions.pdb = Fluent Assertions\FluentAssertions.pdb
		Fluent Assertions\FluentAssertions.XML = Fluent Assertions\FluentAssertions.XML
	EndProjectSection
EndProject
Project("{2150E333-8FDC-42A3-9474-1A3956D46DE8}") = "1 UI", "1 UI", "{9EAFCDDF-2A21-4D61-826D-9B47A0132631}"
EndProject
Project("{2150E333-8FDC-42A3-9474-1A3956D46DE8}") = "2 UI Logik", "2 UI Logik", "{DF181853-B8B5-4750-97C4-2B37BAA6920C}"
EndProject
Project("{2150E333-8FDC-42A3-9474-1A3956D46DE8}") = "3 GL", "3 GL", "{7647F34E-D115-47EB-8E76-84ADB1F37B86}"
EndProject
Project("{2150E333-8FDC-42A3-9474-1A3956D46DE8}") = "4 Unit tests", "4 Unit tests", "{436C484E-9CEA-4D5D-836E-B31C96F49F13}"
EndProject
Project("{2150E333-8FDC-42A3-9474-1A3956D46DE8}") = "Solution Items", "Solution Items", "{B99F7218-DC7A-42E4-8688-B4DACA01ABE6}"
	ProjectSection(SolutionItems) = preProject
		Taschenrechner-Aufgabe.docx = Taschenrechner-Aufgabe.docx
	EndProjectSection
EndProject
Project("{2150E333-8FDC-42A3-9474-1A3956D46DE8}") = "Variante 1", "Variante 1", "{5F0E3D53-371E-4816-B3CD-D94207702FA5}"
EndProject
Project("{2150E333-8FDC-42A3-9474-1A3956D46DE8}") = "Variante 2", "Variante 2", "{66851D0D-DCE8-4139-B064-CE2438E619F4}"
EndProject
Project("{FAE04EC0-301F-11D3-BF4B-00C04F79EFBC}") = "Taschenrechner_Commandline", "UI1\Taschenrechner_Commandline.csproj", "{664AB2A7-D17B-4902-8A3E-68AE146F5667}"
EndProject
Project("{FAE04EC0-301F-11D3-BF4B-00C04F79EFBC}") = "Taschenrechner_WPF", "UI2\Taschenrechner_WPF.csproj", "{42101936-1C44-4D5D-AFDA-E78CD34EA396}"
EndProject
Project("{2150E333-8FDC-42A3-9474-1A3956D46DE8}") = "Variante 3", "Variante 3", "{70AC7A3D-ED22-4D3D-B62F-5CA9B1388839}"
EndProject
Project("{9A19103F-16F7-4668-BE54-9A1E7A4F7556}") = "Taschenrechner_Simpel", "UI0\Taschenrechner_Simpel.csproj", "{456BE356-DB26-40DD-B52B-182A040A881C}"
EndProject
Project("{2150E333-8FDC-42A3-9474-1A3956D46DE8}") = "Variante 4", "Variante 4", "{A0B96A2D-E48A-4976-9106-BCEAA95D316D}"
EndProject
Project("{FAE04EC0-301F-11D3-BF4B-00C04F79EFBC}") = "Taschenrechner_WPF_Simpel", "UI3\WpfApp3\Taschenrechner_WPF_Simpel.csproj", "{667FD9ED-2C89-4F6A-B3FF-890C5AAAF7BF}"
EndProject
Global
	GlobalSection(SolutionConfigurationPlatforms) = preSolution
		Debug|Any CPU = Debug|Any CPU
		Release|Any CPU = Release|Any CPU
	EndGlobalSection
	GlobalSection(ProjectConfigurationPlatforms) = postSolution
		{C5FC12CE-F902-4B69-BA52-7A525AC5B419}.Debug|Any CPU.ActiveCfg = Debug|Any CPU
		{C5FC12CE-F902-4B69-BA52-7A525AC5B419}.Debug|Any CPU.Build.0 = Debug|Any CPU
		{C5FC12CE-F902-4B69-BA52-7A525AC5B419}.Release|Any CPU.ActiveCfg = Release|Any CPU
		{C5FC12CE-F902-4B69-BA52-7A525AC5B419}.Release|Any CPU.Build.0 = Release|Any CPU
		{37C01CF4-F422-463D-AD44-7C6D8734AB28}.Debug|Any CPU.ActiveCfg = Debug|Any CPU
		{37C01CF4-F422-463D-AD44-7C6D8734AB28}.Debug|Any CPU.Build.0 = Debug|Any CPU
		{37C01CF4-F422-463D-AD44-7C6D8734AB28}.Release|Any CPU.ActiveCfg = Release|Any CPU
		{37C01CF4-F422-463D-AD44-7C6D8734AB28}.Release|Any CPU.Build.0 = Release|Any CPU
		{5A74CD7A-9F2E-411D-9479-1A6E5A40A545}.Debug|Any CPU.ActiveCfg = Debug|Any CPU
		{5A74CD7A-9F2E-411D-9479-1A6E5A40A545}.Debug|Any CPU.Build.0 = Debug|Any CPU
		{5A74CD7A-9F2E-411D-9479-1A6E5A40A545}.Release|Any CPU.ActiveCfg = Release|Any CPU
		{5A74CD7A-9F2E-411D-9479-1A6E5A40A545}.Release|Any CPU.Build.0 = Release|Any CPU
		{664AB2A7-D17B-4902-8A3E-68AE146F5667}.Debug|Any CPU.ActiveCfg = Debug|Any CPU
		{664AB2A7-D17B-4902-8A3E-68AE146F5667}.Debug|Any CPU.Build.0 = Debug|Any CPU
		{664AB2A7-D17B-4902-8A3E-68AE146F5667}.Release|Any CPU.ActiveCfg = Release|Any CPU
		{664AB2A7-D17B-4902-8A3E-68AE146F5667}.Release|Any CPU.Build.0 = Release|Any CPU
		{42101936-1C44-4D5D-AFDA-E78CD34EA396}.Debug|Any CPU.ActiveCfg = Debug|Any CPU
		{42101936-1C44-4D5D-AFDA-E78CD34EA396}.Debug|Any CPU.Build.0 = Debug|Any CPU
		{42101936-1C44-4D5D-AFDA-E78CD34EA396}.Release|Any CPU.ActiveCfg = Release|Any CPU
		{42101936-1C44-4D5D-AFDA-E78CD34EA396}.Release|Any CPU.Build.0 = Release|Any CPU
		{456BE356-DB26-40DD-B52B-182A040A881C}.Debug|Any CPU.ActiveCfg = Debug|Any CPU
		{456BE356-DB26-40DD-B52B-182A040A881C}.Debug|Any CPU.Build.0 = Debug|Any CPU
		{456BE356-DB26-40DD-B52B-182A040A881C}.Release|Any CPU.ActiveCfg = Release|Any CPU
		{456BE356-DB26-40DD-B52B-182A040A881C}.Release|Any CPU.Build.0 = Release|Any CPU
		{667FD9ED-2C89-4F6A-B3FF-890C5AAAF7BF}.Debug|Any CPU.ActiveCfg = Debug|Any CPU
		{667FD9ED-2C89-4F6A-B3FF-890C5AAAF7BF}.Debug|Any CPU.Build.0 = Debug|Any CPU
		{667FD9ED-2C89-4F6A-B3FF-890C5AAAF7BF}.Release|Any CPU.ActiveCfg = Release|Any CPU
		{667FD9ED-2C89-4F6A-B3FF-890C5AAAF7BF}.Release|Any CPU.Build.0 = Release|Any CPU
	EndGlobalSection
	GlobalSection(SolutionProperties) = preSolution
		HideSolutionNode = FALSE
	EndGlobalSection
	GlobalSection(NestedProjects) = preSolution
		{C5FC12CE-F902-4B69-BA52-7A525AC5B419} = {7647F34E-D115-47EB-8E76-84ADB1F37B86}
		{37C01CF4-F422-463D-AD44-7C6D8734AB28} = {436C484E-9CEA-4D5D-836E-B31C96F49F13}
		{5A74CD7A-9F2E-411D-9479-1A6E5A40A545} = {DF181853-B8B5-4750-97C4-2B37BAA6920C}
		{5F0E3D53-371E-4816-B3CD-D94207702FA5} = {9EAFCDDF-2A21-4D61-826D-9B47A0132631}
		{66851D0D-DCE8-4139-B064-CE2438E619F4} = {9EAFCDDF-2A21-4D61-826D-9B47A0132631}
		{664AB2A7-D17B-4902-8A3E-68AE146F5667} = {66851D0D-DCE8-4139-B064-CE2438E619F4}
		{42101936-1C44-4D5D-AFDA-E78CD34EA396} = {A0B96A2D-E48A-4976-9106-BCEAA95D316D}
		{70AC7A3D-ED22-4D3D-B62F-5CA9B1388839} = {9EAFCDDF-2A21-4D61-826D-9B47A0132631}
		{456BE356-DB26-40DD-B52B-182A040A881C} = {5F0E3D53-371E-4816-B3CD-D94207702FA5}
		{A0B96A2D-E48A-4976-9106-BCEAA95D316D} = {9EAFCDDF-2A21-4D61-826D-9B47A0132631}
		{667FD9ED-2C89-4F6A-B3FF-890C5AAAF7BF} = {70AC7A3D-ED22-4D3D-B62F-5CA9B1388839}
	EndGlobalSection
	GlobalSection(ExtensibilityGlobals) = postSolution
		SolutionGuid = {D2A3A2AC-FC73-4843-A54B-0CB157A9F249}
	EndGlobalSection
	GlobalSection(TeamFoundationVersionControl) = preSolution
		SccNumberOfProjects = 8
		SccEnterpriseProvider = {4CA58AB2-18FA-4F8D-95D4-32DDF27D184C}
		SccTeamFoundationServer = https://oliverabraham.visualstudio.com/
		SccLocalPath0 = .
		SccProjectUniqueName1 = Geschäftslogik\\Geschäftslogik.csproj
		SccProjectTopLevelParentUniqueName1 = Taschenrechner_mit_Unittests.sln
		SccProjectName1 = Geschäftslogik
		SccLocalPath1 = Geschäftslogik
		SccProjectUniqueName2 = UserInterfaceLogik\\UserInterfaceLogik.csproj
		SccProjectTopLevelParentUniqueName2 = Taschenrechner_mit_Unittests.sln
		SccProjectName2 = UserInterfaceLogik
		SccLocalPath2 = UserInterfaceLogik
		SccProjectUniqueName3 = UnitTests\\UnitTests.csproj
		SccProjectTopLevelParentUniqueName3 = Taschenrechner_mit_Unittests.sln
		SccProjectName3 = UnitTests
		SccLocalPath3 = UnitTests
		SccProjectUniqueName4 = UI2\\Taschenrechner_WPF.csproj
		SccProjectTopLevelParentUniqueName4 = Taschenrechner_mit_Unittests.sln
		SccProjectName4 = UI2
		SccLocalPath4 = UI2
		SccProjectUniqueName5 = UI0\\Taschenrechner_Simpel.csproj
		SccProjectTopLevelParentUniqueName5 = Taschenrechner_mit_Unittests.sln
		SccProjectName5 = UI0
		SccLocalPath5 = UI0
		SccProjectUniqueName6 = UI1\\Taschenrechner_Commandline.csproj
		SccProjectTopLevelParentUniqueName6 = Taschenrechner_mit_Unittests.sln
		SccProjectName6 = UI1
		SccLocalPath6 = UI1
		SccProjectUniqueName7 = UI3\\WpfApp3\\Taschenrechner_WPF_Simpel.csproj
		SccProjectTopLevelParentUniqueName7 = Taschenrechner_mit_Unittests.sln
		SccProjectName7 = UI3/WpfApp3
		SccLocalPath7 = UI3\\WpfApp3
	EndGlobalSection
EndGlobal
