
Microsoft Visual Studio Solution File, Format Version 12.00
# Visual Studio Version 17
VisualStudioVersion = 17.6.33513.286
MinimumVisualStudioVersion = 10.0.40219.1
Project("{2150E333-8FDC-42A3-9474-1A3956D46DE8}") = "1 UI", "1 UI", "{9EAFCDDF-2A21-4D61-826D-9B47A0132631}"
EndProject
Project("{2150E333-8FDC-42A3-9474-1A3956D46DE8}") = "2 UI Logik", "2 UI Logik", "{DF181853-B8B5-4750-97C4-2B37BAA6920C}"
EndProject
Project("{2150E333-8FDC-42A3-9474-1A3956D46DE8}") = "3 GL", "3 GL", "{7647F34E-D115-47EB-8E76-84ADB1F37B86}"
EndProject
Project("{2150E333-8FDC-42A3-9474-1A3956D46DE8}") = "5 Unit tests", "5 Unit tests", "{436C484E-9CEA-4D5D-836E-B31C96F49F13}"
EndProject
Project("{2150E333-8FDC-42A3-9474-1A3956D46DE8}") = "7 Solution Items", "7 Solution Items", "{B99F7218-DC7A-42E4-8688-B4DACA01ABE6}"
	ProjectSection(SolutionItems) = preProject
		Taschenrechner-Aufgabe.docx = Taschenrechner-Aufgabe.docx
	EndProjectSection
EndProject
Project("{2150E333-8FDC-42A3-9474-1A3956D46DE8}") = "Variante 1", "Variante 1", "{5F0E3D53-371E-4816-B3CD-D94207702FA5}"
EndProject
Project("{2150E333-8FDC-42A3-9474-1A3956D46DE8}") = "Variante 2", "Variante 2", "{66851D0D-DCE8-4139-B064-CE2438E619F4}"
EndProject
Project("{2150E333-8FDC-42A3-9474-1A3956D46DE8}") = "Variante 3", "Variante 3", "{70AC7A3D-ED22-4D3D-B62F-5CA9B1388839}"
EndProject
Project("{2150E333-8FDC-42A3-9474-1A3956D46DE8}") = "Variante 4", "Variante 4", "{A0B96A2D-E48A-4976-9106-BCEAA95D316D}"
EndProject
Project("{2150E333-8FDC-42A3-9474-1A3956D46DE8}") = "4 Contracts", "4 Contracts", "{9BD13CCC-FC0A-4A2F-BEE9-95EBE1C139B9}"
EndProject
Project("{9A19103F-16F7-4668-BE54-9A1E7A4F7556}") = "Contracts", "Contracts\Contracts.csproj", "{2A1FED41-2D77-427E-92E8-D15DEEC0747E}"
EndProject
Project("{9A19103F-16F7-4668-BE54-9A1E7A4F7556}") = "BusinessLogic", "BusinessLogic\BusinessLogic.csproj", "{40C83527-3E0C-4A87-8CC8-63EFB7D5BDCB}"
EndProject
Project("{9A19103F-16F7-4668-BE54-9A1E7A4F7556}") = "UserInterfaceLogic", "UserInterfaceLogic\UserInterfaceLogic.csproj", "{C5215693-F9C9-42A6-B161-9DCF92555C60}"
EndProject
Project("{9A19103F-16F7-4668-BE54-9A1E7A4F7556}") = "Calculator_Commandline_Simple", "Calculator_Commandline_Simple\Calculator_Commandline_Simple.csproj", "{CD190C37-D415-4DC8-882B-E8DC50A1510C}"
EndProject
Project("{9A19103F-16F7-4668-BE54-9A1E7A4F7556}") = "Calculator_Commandline", "Calculator_Commandline\Calculator_Commandline.csproj", "{CD20463A-2FB5-4AAC-81A3-89FBCB98E2C9}"
EndProject
Project("{9A19103F-16F7-4668-BE54-9A1E7A4F7556}") = "BusinessLogic.Tests", "BusinessLogic.Tests\BusinessLogic.Tests.csproj", "{21767DF6-CD2F-4FBD-B652-CCE836382D50}"
EndProject
Project("{9A19103F-16F7-4668-BE54-9A1E7A4F7556}") = "UserInterfaceLogic.Tests", "UserInterfaceLogic.Tests\UserInterfaceLogic.Tests.csproj", "{AC8DD5E1-0B2B-43F2-A625-C8B7BA8FC22A}"
EndProject
Project("{9A19103F-16F7-4668-BE54-9A1E7A4F7556}") = "Calculator_WPF", "Calculator_WPF\Calculator_WPF.csproj", "{2B117A29-B072-4C7B-B611-E334090BC7F8}"
EndProject
Project("{9A19103F-16F7-4668-BE54-9A1E7A4F7556}") = "Calculator_WPF_Simple", "Calculator_WPF_Simple\Calculator_WPF_Simple.csproj", "{EB19883A-89B5-4D4C-8CC2-40E2FA13C2BD}"
EndProject
Project("{2150E333-8FDC-42A3-9474-1A3956D46DE8}") = "Variante 5", "Variante 5", "{B72D1079-0C56-42C7-8263-35DCD2C1EBE0}"
EndProject
Project("{9A19103F-16F7-4668-BE54-9A1E7A4F7556}") = "BlazorApp1", "Calculator_WebBlazor\BlazorApp1.csproj", "{8E0CFDAD-A8D2-4495-8D61-0CACEAB54972}"
EndProject
Project("{2150E333-8FDC-42A3-9474-1A3956D46DE8}") = "6 Template for Kata", "6 Template for Kata", "{F3BEBF1F-1820-4FF9-9764-F341A6BA0ABA}"
EndProject
Project("{9A19103F-16F7-4668-BE54-9A1E7A4F7556}") = "CalculatorTemplateForKata", "CalculatorTemplateForKata\CalculatorTemplateForKata.csproj", "{4CAE549E-8AF4-4DFF-8128-A31531416E95}"
EndProject
Global
	GlobalSection(SolutionConfigurationPlatforms) = preSolution
		Debug|Any CPU = Debug|Any CPU
		Release|Any CPU = Release|Any CPU
	EndGlobalSection
	GlobalSection(ProjectConfigurationPlatforms) = postSolution
		{2A1FED41-2D77-427E-92E8-D15DEEC0747E}.Debug|Any CPU.ActiveCfg = Debug|Any CPU
		{2A1FED41-2D77-427E-92E8-D15DEEC0747E}.Debug|Any CPU.Build.0 = Debug|Any CPU
		{2A1FED41-2D77-427E-92E8-D15DEEC0747E}.Release|Any CPU.ActiveCfg = Release|Any CPU
		{2A1FED41-2D77-427E-92E8-D15DEEC0747E}.Release|Any CPU.Build.0 = Release|Any CPU
		{40C83527-3E0C-4A87-8CC8-63EFB7D5BDCB}.Debug|Any CPU.ActiveCfg = Debug|Any CPU
		{40C83527-3E0C-4A87-8CC8-63EFB7D5BDCB}.Debug|Any CPU.Build.0 = Debug|Any CPU
		{40C83527-3E0C-4A87-8CC8-63EFB7D5BDCB}.Release|Any CPU.ActiveCfg = Release|Any CPU
		{40C83527-3E0C-4A87-8CC8-63EFB7D5BDCB}.Release|Any CPU.Build.0 = Release|Any CPU
		{C5215693-F9C9-42A6-B161-9DCF92555C60}.Debug|Any CPU.ActiveCfg = Debug|Any CPU
		{C5215693-F9C9-42A6-B161-9DCF92555C60}.Debug|Any CPU.Build.0 = Debug|Any CPU
		{C5215693-F9C9-42A6-B161-9DCF92555C60}.Release|Any CPU.ActiveCfg = Release|Any CPU
		{C5215693-F9C9-42A6-B161-9DCF92555C60}.Release|Any CPU.Build.0 = Release|Any CPU
		{CD190C37-D415-4DC8-882B-E8DC50A1510C}.Debug|Any CPU.ActiveCfg = Debug|Any CPU
		{CD190C37-D415-4DC8-882B-E8DC50A1510C}.Debug|Any CPU.Build.0 = Debug|Any CPU
		{CD190C37-D415-4DC8-882B-E8DC50A1510C}.Release|Any CPU.ActiveCfg = Release|Any CPU
		{CD190C37-D415-4DC8-882B-E8DC50A1510C}.Release|Any CPU.Build.0 = Release|Any CPU
		{CD20463A-2FB5-4AAC-81A3-89FBCB98E2C9}.Debug|Any CPU.ActiveCfg = Debug|Any CPU
		{CD20463A-2FB5-4AAC-81A3-89FBCB98E2C9}.Debug|Any CPU.Build.0 = Debug|Any CPU
		{CD20463A-2FB5-4AAC-81A3-89FBCB98E2C9}.Release|Any CPU.ActiveCfg = Release|Any CPU
		{CD20463A-2FB5-4AAC-81A3-89FBCB98E2C9}.Release|Any CPU.Build.0 = Release|Any CPU
		{21767DF6-CD2F-4FBD-B652-CCE836382D50}.Debug|Any CPU.ActiveCfg = Debug|Any CPU
		{21767DF6-CD2F-4FBD-B652-CCE836382D50}.Debug|Any CPU.Build.0 = Debug|Any CPU
		{21767DF6-CD2F-4FBD-B652-CCE836382D50}.Release|Any CPU.ActiveCfg = Release|Any CPU
		{21767DF6-CD2F-4FBD-B652-CCE836382D50}.Release|Any CPU.Build.0 = Release|Any CPU
		{AC8DD5E1-0B2B-43F2-A625-C8B7BA8FC22A}.Debug|Any CPU.ActiveCfg = Debug|Any CPU
		{AC8DD5E1-0B2B-43F2-A625-C8B7BA8FC22A}.Debug|Any CPU.Build.0 = Debug|Any CPU
		{AC8DD5E1-0B2B-43F2-A625-C8B7BA8FC22A}.Release|Any CPU.ActiveCfg = Release|Any CPU
		{AC8DD5E1-0B2B-43F2-A625-C8B7BA8FC22A}.Release|Any CPU.Build.0 = Release|Any CPU
		{2B117A29-B072-4C7B-B611-E334090BC7F8}.Debug|Any CPU.ActiveCfg = Debug|Any CPU
		{2B117A29-B072-4C7B-B611-E334090BC7F8}.Debug|Any CPU.Build.0 = Debug|Any CPU
		{2B117A29-B072-4C7B-B611-E334090BC7F8}.Release|Any CPU.ActiveCfg = Release|Any CPU
		{2B117A29-B072-4C7B-B611-E334090BC7F8}.Release|Any CPU.Build.0 = Release|Any CPU
		{EB19883A-89B5-4D4C-8CC2-40E2FA13C2BD}.Debug|Any CPU.ActiveCfg = Debug|Any CPU
		{EB19883A-89B5-4D4C-8CC2-40E2FA13C2BD}.Debug|Any CPU.Build.0 = Debug|Any CPU
		{EB19883A-89B5-4D4C-8CC2-40E2FA13C2BD}.Release|Any CPU.ActiveCfg = Release|Any CPU
		{EB19883A-89B5-4D4C-8CC2-40E2FA13C2BD}.Release|Any CPU.Build.0 = Release|Any CPU
		{8E0CFDAD-A8D2-4495-8D61-0CACEAB54972}.Debug|Any CPU.ActiveCfg = Debug|Any CPU
		{8E0CFDAD-A8D2-4495-8D61-0CACEAB54972}.Debug|Any CPU.Build.0 = Debug|Any CPU
		{8E0CFDAD-A8D2-4495-8D61-0CACEAB54972}.Release|Any CPU.ActiveCfg = Release|Any CPU
		{8E0CFDAD-A8D2-4495-8D61-0CACEAB54972}.Release|Any CPU.Build.0 = Release|Any CPU
		{4CAE549E-8AF4-4DFF-8128-A31531416E95}.Debug|Any CPU.ActiveCfg = Debug|Any CPU
		{4CAE549E-8AF4-4DFF-8128-A31531416E95}.Debug|Any CPU.Build.0 = Debug|Any CPU
		{4CAE549E-8AF4-4DFF-8128-A31531416E95}.Release|Any CPU.ActiveCfg = Release|Any CPU
		{4CAE549E-8AF4-4DFF-8128-A31531416E95}.Release|Any CPU.Build.0 = Release|Any CPU
	EndGlobalSection
	GlobalSection(SolutionProperties) = preSolution
		HideSolutionNode = FALSE
	EndGlobalSection
	GlobalSection(NestedProjects) = preSolution
		{5F0E3D53-371E-4816-B3CD-D94207702FA5} = {9EAFCDDF-2A21-4D61-826D-9B47A0132631}
		{66851D0D-DCE8-4139-B064-CE2438E619F4} = {9EAFCDDF-2A21-4D61-826D-9B47A0132631}
		{70AC7A3D-ED22-4D3D-B62F-5CA9B1388839} = {9EAFCDDF-2A21-4D61-826D-9B47A0132631}
		{A0B96A2D-E48A-4976-9106-BCEAA95D316D} = {9EAFCDDF-2A21-4D61-826D-9B47A0132631}
		{2A1FED41-2D77-427E-92E8-D15DEEC0747E} = {9BD13CCC-FC0A-4A2F-BEE9-95EBE1C139B9}
		{40C83527-3E0C-4A87-8CC8-63EFB7D5BDCB} = {7647F34E-D115-47EB-8E76-84ADB1F37B86}
		{C5215693-F9C9-42A6-B161-9DCF92555C60} = {DF181853-B8B5-4750-97C4-2B37BAA6920C}
		{CD190C37-D415-4DC8-882B-E8DC50A1510C} = {5F0E3D53-371E-4816-B3CD-D94207702FA5}
		{CD20463A-2FB5-4AAC-81A3-89FBCB98E2C9} = {66851D0D-DCE8-4139-B064-CE2438E619F4}
		{21767DF6-CD2F-4FBD-B652-CCE836382D50} = {436C484E-9CEA-4D5D-836E-B31C96F49F13}
		{AC8DD5E1-0B2B-43F2-A625-C8B7BA8FC22A} = {436C484E-9CEA-4D5D-836E-B31C96F49F13}
		{2B117A29-B072-4C7B-B611-E334090BC7F8} = {A0B96A2D-E48A-4976-9106-BCEAA95D316D}
		{EB19883A-89B5-4D4C-8CC2-40E2FA13C2BD} = {70AC7A3D-ED22-4D3D-B62F-5CA9B1388839}
		{B72D1079-0C56-42C7-8263-35DCD2C1EBE0} = {9EAFCDDF-2A21-4D61-826D-9B47A0132631}
		{8E0CFDAD-A8D2-4495-8D61-0CACEAB54972} = {B72D1079-0C56-42C7-8263-35DCD2C1EBE0}
		{4CAE549E-8AF4-4DFF-8128-A31531416E95} = {F3BEBF1F-1820-4FF9-9764-F341A6BA0ABA}
	EndGlobalSection
	GlobalSection(ExtensibilityGlobals) = postSolution
		SolutionGuid = {D2A3A2AC-FC73-4843-A54B-0CB157A9F249}
	EndGlobalSection
EndGlobal
